// !$*UTF8*$!
{
	archiveVersion = 1;
	classes = {
	};
	objectVersion = 46;
	objects = {

/* Begin PBXBuildFile section */
		84F1DDAA1551CBBB00715D96 /* UIKit.framework in Frameworks */ = {isa = PBXBuildFile; fileRef = 84F1DDA91551CBBB00715D96 /* UIKit.framework */; };
		84F1DDAC1551CBBB00715D96 /* Foundation.framework in Frameworks */ = {isa = PBXBuildFile; fileRef = 84F1DDAB1551CBBB00715D96 /* Foundation.framework */; };
		84F1DDAE1551CBBB00715D96 /* CoreGraphics.framework in Frameworks */ = {isa = PBXBuildFile; fileRef = 84F1DDAD1551CBBB00715D96 /* CoreGraphics.framework */; };
		84F1DDB41551CBBB00715D96 /* InfoPlist.strings in Resources */ = {isa = PBXBuildFile; fileRef = 84F1DDB21551CBBB00715D96 /* InfoPlist.strings */; };
		84F1DDB61551CBBB00715D96 /* main.m in Sources */ = {isa = PBXBuildFile; fileRef = 84F1DDB51551CBBB00715D96 /* main.m */; };
		84F1DDBA1551CBBB00715D96 /* KeAppDelegate.m in Sources */ = {isa = PBXBuildFile; fileRef = 84F1DDB91551CBBB00715D96 /* KeAppDelegate.m */; };
		84F1DDC21551CCE700715D96 /* KeViewController.m in Sources */ = {isa = PBXBuildFile; fileRef = 84F1DDC11551CCE700715D96 /* KeViewController.m */; };
		84F1DDC51551CDED00715D96 /* View.m in Sources */ = {isa = PBXBuildFile; fileRef = 84F1DDC41551CDED00715D96 /* View.m */; };
/* End PBXBuildFile section */

/* Begin PBXFileReference section */
		84F1DDA51551CBBB00715D96 /* May3.app */ = {isa = PBXFileReference; explicitFileType = wrapper.application; includeInIndex = 0; path = May3.app; sourceTree = BUILT_PRODUCTS_DIR; };
		84F1DDA91551CBBB00715D96 /* UIKit.framework */ = {isa = PBXFileReference; lastKnownFileType = wrapper.framework; name = UIKit.framework; path = System/Library/Frameworks/UIKit.framework; sourceTree = SDKROOT; };
		84F1DDAB1551CBBB00715D96 /* Foundation.framework */ = {isa = PBXFileReference; lastKnownFileType = wrapper.framework; name = Foundation.framework; path = System/Library/Frameworks/Foundation.framework; sourceTree = SDKROOT; };
		84F1DDAD1551CBBB00715D96 /* CoreGraphics.framework */ = {isa = PBXFileReference; lastKnownFileType = wrapper.framework; name = CoreGraphics.framework; path = System/Library/Frameworks/CoreGraphics.framework; sourceTree = SDKROOT; };
		84F1DDB11551CBBB00715D96 /* May3-Info.plist */ = {isa = PBXFileReference; lastKnownFileType = text.plist.xml; path = "May3-Info.plist"; sourceTree = "<group>"; };
		84F1DDB31551CBBB00715D96 /* en */ = {isa = PBXFileReference; lastKnownFileType = text.plist.strings; name = en; path = en.lproj/InfoPlist.strings; sourceTree = "<group>"; };
		84F1DDB51551CBBB00715D96 /* main.m */ = {isa = PBXFileReference; lastKnownFileType = sourcecode.c.objc; path = main.m; sourceTree = "<group>"; };
		84F1DDB71551CBBB00715D96 /* May3-Prefix.pch */ = {isa = PBXFileReference; lastKnownFileType = sourcecode.c.h; path = "May3-Prefix.pch"; sourceTree = "<group>"; };
		84F1DDB81551CBBB00715D96 /* KeAppDelegate.h */ = {isa = PBXFileReference; lastKnownFileType = sourcecode.c.h; path = KeAppDelegate.h; sourceTree = "<group>"; };
		84F1DDB91551CBBB00715D96 /* KeAppDelegate.m */ = {isa = PBXFileReference; lastKnownFileType = sourcecode.c.objc; path = KeAppDelegate.m; sourceTree = "<group>"; };
		84F1DDC01551CCE700715D96 /* KeViewController.h */ = {isa = PBXFileReference; fileEncoding = 4; lastKnownFileType = sourcecode.c.h; path = KeViewController.h; sourceTree = "<group>"; };
		84F1DDC11551CCE700715D96 /* KeViewController.m */ = {isa = PBXFileReference; fileEncoding = 4; lastKnownFileType = sourcecode.c.objc; path = KeViewController.m; sourceTree = "<group>"; };
		84F1DDC31551CDED00715D96 /* View.h */ = {isa = PBXFileReference; fileEncoding = 4; lastKnownFileType = sourcecode.c.h; path = View.h; sourceTree = "<group>"; };
		84F1DDC41551CDED00715D96 /* View.m */ = {isa = PBXFileReference; fileEncoding = 4; lastKnownFileType = sourcecode.c.objc; path = View.m; sourceTree = "<group>"; };
/* End PBXFileReference section */

/* Begin PBXFrameworksBuildPhase section */
		84F1DDA21551CBBB00715D96 /* Frameworks */ = {
			isa = PBXFrameworksBuildPhase;
			buildActionMask = 2147483647;
			files = (
				84F1DDAA1551CBBB00715D96 /* UIKit.framework in Frameworks */,
				84F1DDAC1551CBBB00715D96 /* Foundation.framework in Frameworks */,
				84F1DDAE1551CBBB00715D96 /* CoreGraphics.framework in Frameworks */,
			);
			runOnlyForDeploymentPostprocessing = 0;
		};
/* End PBXFrameworksBuildPhase section */

/* Begin PBXGroup section */
		84F1DD9A1551CBBB00715D96 = {
			isa = PBXGroup;
			children = (
				84F1DDAF1551CBBB00715D96 /* May3 */,
				84F1DDA81551CBBB00715D96 /* Frameworks */,
				84F1DDA61551CBBB00715D96 /* Products */,
			);
			sourceTree = "<group>";
		};
		84F1DDA61551CBBB00715D96 /* Products */ = {
			isa = PBXGroup;
			children = (
				84F1DDA51551CBBB00715D96 /* May3.app */,
			);
			name = Products;
			sourceTree = "<group>";
		};
		84F1DDA81551CBBB00715D96 /* Frameworks */ = {
			isa = PBXGroup;
			children = (
				84F1DDA91551CBBB00715D96 /* UIKit.framework */,
				84F1DDAB1551CBBB00715D96 /* Foundation.framework */,
				84F1DDAD1551CBBB00715D96 /* CoreGraphics.framework */,
			);
			name = Frameworks;
			sourceTree = "<group>";
		};
		84F1DDAF1551CBBB00715D96 /* May3 */ = {
			isa = PBXGroup;
			children = (
				84F1DDB81551CBBB00715D96 /* KeAppDelegate.h */,
				84F1DDB91551CBBB00715D96 /* KeAppDelegate.m */,
				84F1DDC31551CDED00715D96 /* View.h */,
				84F1DDC41551CDED00715D96 /* View.m */,
				84F1DDC01551CCE700715D96 /* KeViewController.h */,
				84F1DDC11551CCE700715D96 /* KeViewController.m */,
				84F1DDB01551CBBB00715D96 /* Supporting Files */,
			);
			path = May3;
			sourceTree = "<group>";
		};
		84F1DDB01551CBBB00715D96 /* Supporting Files */ = {
			isa = PBXGroup;
			children = (
				84F1DDB11551CBBB00715D96 /* May3-Info.plist */,
				84F1DDB21551CBBB00715D96 /* InfoPlist.strings */,
				84F1DDB51551CBBB00715D96 /* main.m */,
				84F1DDB71551CBBB00715D96 /* May3-Prefix.pch */,
			);
			name = "Supporting Files";
			sourceTree = "<group>";
		};
/* End PBXGroup section */

/* Begin PBXNativeTarget section */
		84F1DDA41551CBBB00715D96 /* May3 */ = {
			isa = PBXNativeTarget;
			buildConfigurationList = 84F1DDBD1551CBBB00715D96 /* Build configuration list for PBXNativeTarget "May3" */;
			buildPhases = (
				84F1DDA11551CBBB00715D96 /* Sources */,
				84F1DDA21551CBBB00715D96 /* Frameworks */,
				84F1DDA31551CBBB00715D96 /* Resources */,
			);
			buildRules = (
			);
			dependencies = (
			);
			name = May3;
			productName = May3;
			productReference = 84F1DDA51551CBBB00715D96 /* May3.app */;
			productType = "com.apple.product-type.application";
		};
/* End PBXNativeTarget section */

/* Begin PBXProject section */
		84F1DD9C1551CBBB00715D96 /* Project object */ = {
			isa = PBXProject;
			attributes = {
				CLASSPREFIX = Ke;
				LastUpgradeCheck = 0430;
			};
			buildConfigurationList = 84F1DD9F1551CBBB00715D96 /* Build configuration list for PBXProject "May3" */;
			compatibilityVersion = "Xcode 3.2";
			developmentRegion = English;
			hasScannedForEncodings = 0;
			knownRegions = (
				en,
			);
			mainGroup = 84F1DD9A1551CBBB00715D96;
			productRefGroup = 84F1DDA61551CBBB00715D96 /* Products */;
			projectDirPath = "";
			projectRoot = "";
			targets = (
				84F1DDA41551CBBB00715D96 /* May3 */,
			);
		};
/* End PBXProject section */

/* Begin PBXResourcesBuildPhase section */
		84F1DDA31551CBBB00715D96 /* Resources */ = {
			isa = PBXResourcesBuildPhase;
			buildActionMask = 2147483647;
			files = (
				84F1DDB41551CBBB00715D96 /* InfoPlist.strings in Resources */,
			);
			runOnlyForDeploymentPostprocessing = 0;
		};
/* End PBXResourcesBuildPhase section */

/* Begin PBXSourcesBuildPhase section */
		84F1DDA11551CBBB00715D96 /* Sources */ = {
			isa = PBXSourcesBuildPhase;
			buildActionMask = 2147483647;
			files = (
				84F1DDB61551CBBB00715D96 /* main.m in Sources */,
				84F1DDBA1551CBBB00715D96 /* KeAppDelegate.m in Sources */,
				84F1DDC21551CCE700715D96 /* KeViewController.m in Sources */,
				84F1DDC51551CDED00715D96 /* View.m in Sources */,
			);
			runOnlyForDeploymentPostprocessing = 0;
		};
/* End PBXSourcesBuildPhase section */

/* Begin PBXVariantGroup section */
		84F1DDB21551CBBB00715D96 /* InfoPlist.strings */ = {
			isa = PBXVariantGroup;
			children = (
				84F1DDB31551CBBB00715D96 /* en */,
			);
			name = InfoPlist.strings;
			sourceTree = "<group>";
		};
/* End PBXVariantGroup section */

/* Begin XCBuildConfiguration section */
		84F1DDBB1551CBBB00715D96 /* Debug */ = {
			isa = XCBuildConfiguration;
			buildSettings = {
				ALWAYS_SEARCH_USER_PATHS = NO;
				ARCHS = "$(ARCHS_STANDARD_32_BIT)";
				CLANG_ENABLE_OBJC_ARC = YES;
				"CODE_SIGN_IDENTITY[sdk=iphoneos*]" = "iPhone Developer";
				COPY_PHASE_STRIP = NO;
				GCC_C_LANGUAGE_STANDARD = gnu99;
				GCC_DYNAMIC_NO_PIC = NO;
				GCC_OPTIMIZATION_LEVEL = 0;
				GCC_PREPROCESSOR_DEFINITIONS = (
					"DEBUG=1",
					"$(inherited)",
				);
				GCC_SYMBOLS_PRIVATE_EXTERN = NO;
				GCC_VERSION = com.apple.compilers.llvm.clang.1_0;
				GCC_WARN_ABOUT_RETURN_TYPE = YES;
				GCC_WARN_UNINITIALIZED_AUTOS = YES;
				GCC_WARN_UNUSED_VARIABLE = YES;
				IPHONEOS_DEPLOYMENT_TARGET = 5.1;
				SDKROOT = iphoneos;
			};
			name = Debug;
		};
		84F1DDBC1551CBBB00715D96 /* Release */ = {
			isa = XCBuildConfiguration;
			buildSettings = {
				ALWAYS_SEARCH_USER_PATHS = NO;
				ARCHS = "$(ARCHS_STANDARD_32_BIT)";
				CLANG_ENABLE_OBJC_ARC = YES;
				"CODE_SIGN_IDENTITY[sdk=iphoneos*]" = "iPhone Developer";
				COPY_PHASE_STRIP = YES;
				GCC_C_LANGUAGE_STANDARD = gnu99;
				GCC_VERSION = com.apple.compilers.llvm.clang.1_0;
				GCC_WARN_ABOUT_RETURN_TYPE = YES;
				GCC_WARN_UNINITIALIZED_AUTOS = YES;
				GCC_WARN_UNUSED_VARIABLE = YES;
				IPHONEOS_DEPLOYMENT_TARGET = 5.1;
				OTHER_CFLAGS = "-DNS_BLOCK_ASSERTIONS=1";
				SDKROOT = iphoneos;
				VALIDATE_PRODUCT = YES;
			};
			name = Release;
		};
		84F1DDBE1551CBBB00715D96 /* Debug */ = {
			isa = XCBuildConfiguration;
			buildSettings = {
				GCC_PRECOMPILE_PREFIX_HEADER = YES;
				GCC_PREFIX_HEADER = "May3/May3-Prefix.pch";
				INFOPLIST_FILE = "May3/May3-Info.plist";
				PRODUCT_NAME = "$(TARGET_NAME)";
				WRAPPER_EXTENSION = app;
			};
			name = Debug;
		};
		84F1DDBF1551CBBB00715D96 /* Release */ = {
			isa = XCBuildConfiguration;
			buildSettings = {
				GCC_PRECOMPILE_PREFIX_HEADER = YES;
				GCC_PREFIX_HEADER = "May3/May3-Prefix.pch";
				INFOPLIST_FILE = "May3/May3-Info.plist";
				PRODUCT_NAME = "$(TARGET_NAME)";
				WRAPPER_EXTENSION = app;
			};
			name = Release;
		};
/* End XCBuildConfiguration section */

/* Begin XCConfigurationList section */
		84F1DD9F1551CBBB00715D96 /* Build configuration list for PBXProject "May3" */ = {
			isa = XCConfigurationList;
			buildConfigurations = (
				84F1DDBB1551CBBB00715D96 /* Debug */,
				84F1DDBC1551CBBB00715D96 /* Release */,
			);
			defaultConfigurationIsVisible = 0;
			defaultConfigurationName = Release;
		};
		84F1DDBD1551CBBB00715D96 /* Build configuration list for PBXNativeTarget "May3" */ = {
			isa = XCConfigurationList;
			buildConfigurations = (
				84F1DDBE1551CBBB00715D96 /* Debug */,
				84F1DDBF1551CBBB00715D96 /* Release */,
			);
			defaultConfigurationIsVisible = 0;
		};
/* End XCConfigurationList section */
	};
	rootObject = 84F1DD9C1551CBBB00715D96 /* Project object */;
}
